
Microsoft Visual Studio Solution File, Format Version 12.00
# Visual Studio Version 17
VisualStudioVersion = 17.0.31903.59
MinimumVisualStudioVersion = 10.0.40219.1
Project("{2150E333-8FDC-42A3-9474-1A3956D46DE8}") = "src", "src", "{827E0CD3-B72D-47B6-A68D-7590B98EB39B}"
EndProject
Project("{FAE04EC0-301F-11D3-BF4B-00C04F79EFBC}") = "EasyChat.Shared", "src\EasyChat.Shared\EasyChat.Shared.csproj", "{05D567F7-A43B-4D7D-AFE4-080F1CE7FB76}"
EndProject
Project("{FAE04EC0-301F-11D3-BF4B-00C04F79EFBC}") = "EasyChat.Domain", "src\EasyChat.Domain\EasyChat.Domain.csproj", "{802B1DA9-D004-4540-B8E3-5B66B8AC010C}"
EndProject
Project("{FAE04EC0-301F-11D3-BF4B-00C04F79EFBC}") = "EasyChat.Contracts", "src\EasyChat.Contracts\EasyChat.Contracts.csproj", "{2206DDBB-C3F4-4B11-9773-F7227A4AFBE8}"
EndProject
Project("{FAE04EC0-301F-11D3-BF4B-00C04F79EFBC}") = "EasyChat.Application", "src\EasyChat.Application\EasyChat.Application.csproj", "{3BBA8624-AEA4-4578-93A3-419BD22ED91B}"
EndProject
Project("{2150E333-8FDC-42A3-9474-1A3956D46DE8}") = "Infrastructure", "Infrastructure", "{9048EB7F-3875-A59E-E36B-5BD4C6F2A282}"
EndProject
Project("{FAE04EC0-301F-11D3-BF4B-00C04F79EFBC}") = "EasyChat.Infrastructure", "src\Infrastructure\EasyChat.Infrastructure\EasyChat.Infrastructure.csproj", "{86E845CB-7A53-4635-9B8A-D1FB78A414BF}"
EndProject
Project("{FAE04EC0-301F-11D3-BF4B-00C04F79EFBC}") = "EasyChat.Infrastructure.Windows", "src\Infrastructure\EasyChat.Infrastructure.Windows\EasyChat.Infrastructure.Windows.csproj", "{019EAB26-C7DA-4FD7-A976-E457FCDDE305}"
EndProject
Project("{8BC9CEB8-8B4A-11D0-8D11-00A0C91BC942}") = "EasyChat.ImeHook.Native", "src\Infrastructure\EasyChat.Infrastructure.Windows\Native\ImeHook\EasyChat.ImeHook.Native.vcxproj", "{7A7F5E42-7F88-4C1A-B1D8-9D8C0BC57A0C}"
EndProject
Project("{2150E333-8FDC-42A3-9474-1A3956D46DE8}") = "Presentation", "Presentation", "{6996BBF7-DB31-59BC-C7DD-9A7CCC6138C4}"
EndProject
Project("{FAE04EC0-301F-11D3-BF4B-00C04F79EFBC}") = "EasyChat.Presentation.Shared", "src\Presentation\EasyChat.Presentation.Shared\EasyChat.Presentation.Shared.csproj", "{7A75E79D-D1D8-4CF0-A545-C6945C080FD1}"
EndProject
Project("{FAE04EC0-301F-11D3-BF4B-00C04F79EFBC}") = "EasyChat.Presentation", "src\Presentation\EasyChat.Presentation\EasyChat.Presentation.csproj", "{022ED14C-3AC3-4DDC-8A03-B4C14256FF3A}"
EndProject
Project("{2150E333-8FDC-42A3-9474-1A3956D46DE8}") = "Host", "Host", "{981C2CF6-E5BB-602A-511C-234B538302B0}"
EndProject
Project("{FAE04EC0-301F-11D3-BF4B-00C04F79EFBC}") = "EasyChat.Desktop", "src\Host\EasyChat.Desktop\EasyChat.Desktop.csproj", "{848D4661-EAEF-48B4-8BC4-426E4DF3C321}"
EndProject
Project("{FAE04EC0-301F-11D3-BF4B-00C04F79EFBC}") = "EasyChat.Desktop.Windows", "src\Host\EasyChat.Desktop.Windows\EasyChat.Desktop.Windows.csproj", "{2185A269-E344-4B97-9A33-57B04C4424F2}"
EndProject
Project("{2150E333-8FDC-42A3-9474-1A3956D46DE8}") = "tests", "tests", "{0AB3BF05-4346-4AA6-1389-037BE0695223}"
EndProject
Project("{FAE04EC0-301F-11D3-BF4B-00C04F79EFBC}") = "EasyChat.Domain.Tests", "tests\EasyChat.Domain.Tests\EasyChat.Domain.Tests.csproj", "{30BD05C0-DC44-4190-A349-96854C6B66FC}"
EndProject
Project("{FAE04EC0-301F-11D3-BF4B-00C04F79EFBC}") = "EasyChat.Application.Tests", "tests\EasyChat.Application.Tests\EasyChat.Application.Tests.csproj", "{16045F26-2FA5-4644-8CCF-EA0B7C91BB22}"
EndProject
Project("{FAE04EC0-301F-11D3-BF4B-00C04F79EFBC}") = "EasyChat.Infrastructure.Tests", "tests\EasyChat.Infrastructure.Tests\EasyChat.Infrastructure.Tests.csproj", "{D48F23EB-6A1D-4EC1-8E16-1297E69C4C95}"
EndProject
Project("{FAE04EC0-301F-11D3-BF4B-00C04F79EFBC}") = "EasyChat.Infrastructure.Windows.Tests", "tests\EasyChat.Infrastructure.Windows.Tests\EasyChat.Infrastructure.Windows.Tests.csproj", "{437B8234-F985-470C-B009-92AD4A8BAD7A}"
EndProject
Project("{FAE04EC0-301F-11D3-BF4B-00C04F79EFBC}") = "EasyChat.Presentation.Tests", "tests\EasyChat.Presentation.Tests\EasyChat.Presentation.Tests.csproj", "{6E629838-5F5F-48DD-A6D9-DD94C2A557BC}"
EndProject
Project("{FAE04EC0-301F-11D3-BF4B-00C04F79EFBC}") = "EasyChat.ArchitectureTests", "tests\EasyChat.ArchitectureTests\EasyChat.ArchitectureTests.csproj", "{DCBA2848-27D4-4E64-9028-2358FEB4E404}"
EndProject
Project("{FAE04EC0-301F-11D3-BF4B-00C04F79EFBC}") = "EasyChat.AcceptanceTests", "tests\EasyChat.AcceptanceTests\EasyChat.AcceptanceTests.csproj", "{1CF036E7-A371-4EA1-9BBA-7717240CA893}"
EndProject
Project("{FAE04EC0-301F-11D3-BF4B-00C04F79EFBC}") = "MicroASR", "src\Infrastructure\MicroASR\MicroASR.csproj", "{FCD109F4-2145-4806-A613-C41B829A3985}"
EndProject
Global
	GlobalSection(SolutionConfigurationPlatforms) = preSolution
		Debug|Any CPU = Debug|Any CPU
		Debug|x64 = Debug|x64
		Debug|x86 = Debug|x86
		Release|Any CPU = Release|Any CPU
		Release|x64 = Release|x64
		Release|x86 = Release|x86
	EndGlobalSection
	GlobalSection(ProjectConfigurationPlatforms) = postSolution
		{05D567F7-A43B-4D7D-AFE4-080F1CE7FB76}.Debug|Any CPU.ActiveCfg = Debug|Any CPU
		{05D567F7-A43B-4D7D-AFE4-080F1CE7FB76}.Debug|Any CPU.Build.0 = Debug|Any CPU
		{05D567F7-A43B-4D7D-AFE4-080F1CE7FB76}.Debug|x64.ActiveCfg = Debug|Any CPU
		{05D567F7-A43B-4D7D-AFE4-080F1CE7FB76}.Debug|x64.Build.0 = Debug|Any CPU
		{05D567F7-A43B-4D7D-AFE4-080F1CE7FB76}.Debug|x86.ActiveCfg = Debug|Any CPU
		{05D567F7-A43B-4D7D-AFE4-080F1CE7FB76}.Debug|x86.Build.0 = Debug|Any CPU
		{05D567F7-A43B-4D7D-AFE4-080F1CE7FB76}.Release|Any CPU.ActiveCfg = Release|Any CPU
		{05D567F7-A43B-4D7D-AFE4-080F1CE7FB76}.Release|Any CPU.Build.0 = Release|Any CPU
		{05D567F7-A43B-4D7D-AFE4-080F1CE7FB76}.Release|x64.ActiveCfg = Release|Any CPU
		{05D567F7-A43B-4D7D-AFE4-080F1CE7FB76}.Release|x64.Build.0 = Release|Any CPU
		{05D567F7-A43B-4D7D-AFE4-080F1CE7FB76}.Release|x86.ActiveCfg = Release|Any CPU
		{05D567F7-A43B-4D7D-AFE4-080F1CE7FB76}.Release|x86.Build.0 = Release|Any CPU
		{802B1DA9-D004-4540-B8E3-5B66B8AC010C}.Debug|Any CPU.ActiveCfg = Debug|Any CPU
		{802B1DA9-D004-4540-B8E3-5B66B8AC010C}.Debug|Any CPU.Build.0 = Debug|Any CPU
		{802B1DA9-D004-4540-B8E3-5B66B8AC010C}.Debug|x64.ActiveCfg = Debug|Any CPU
		{802B1DA9-D004-4540-B8E3-5B66B8AC010C}.Debug|x64.Build.0 = Debug|Any CPU
		{802B1DA9-D004-4540-B8E3-5B66B8AC010C}.Debug|x86.ActiveCfg = Debug|Any CPU
		{802B1DA9-D004-4540-B8E3-5B66B8AC010C}.Debug|x86.Build.0 = Debug|Any CPU
		{802B1DA9-D004-4540-B8E3-5B66B8AC010C}.Release|Any CPU.ActiveCfg = Release|Any CPU
		{802B1DA9-D004-4540-B8E3-5B66B8AC010C}.Release|Any CPU.Build.0 = Release|Any CPU
		{802B1DA9-D004-4540-B8E3-5B66B8AC010C}.Release|x64.ActiveCfg = Release|Any CPU
		{802B1DA9-D004-4540-B8E3-5B66B8AC010C}.Release|x64.Build.0 = Release|Any CPU
		{802B1DA9-D004-4540-B8E3-5B66B8AC010C}.Release|x86.ActiveCfg = Release|Any CPU
		{802B1DA9-D004-4540-B8E3-5B66B8AC010C}.Release|x86.Build.0 = Release|Any CPU
		{2206DDBB-C3F4-4B11-9773-F7227A4AFBE8}.Debug|Any CPU.ActiveCfg = Debug|Any CPU
		{2206DDBB-C3F4-4B11-9773-F7227A4AFBE8}.Debug|Any CPU.Build.0 = Debug|Any CPU
		{2206DDBB-C3F4-4B11-9773-F7227A4AFBE8}.Debug|x64.ActiveCfg = Debug|Any CPU
		{2206DDBB-C3F4-4B11-9773-F7227A4AFBE8}.Debug|x64.Build.0 = Debug|Any CPU
		{2206DDBB-C3F4-4B11-9773-F7227A4AFBE8}.Debug|x86.ActiveCfg = Debug|Any CPU
		{2206DDBB-C3F4-4B11-9773-F7227A4AFBE8}.Debug|x86.Build.0 = Debug|Any CPU
		{2206DDBB-C3F4-4B11-9773-F7227A4AFBE8}.Release|Any CPU.ActiveCfg = Release|Any CPU
		{2206DDBB-C3F4-4B11-9773-F7227A4AFBE8}.Release|Any CPU.Build.0 = Release|Any CPU
		{2206DDBB-C3F4-4B11-9773-F7227A4AFBE8}.Release|x64.ActiveCfg = Release|Any CPU
		{2206DDBB-C3F4-4B11-9773-F7227A4AFBE8}.Release|x64.Build.0 = Release|Any CPU
		{2206DDBB-C3F4-4B11-9773-F7227A4AFBE8}.Release|x86.ActiveCfg = Release|Any CPU
		{2206DDBB-C3F4-4B11-9773-F7227A4AFBE8}.Release|x86.Build.0 = Release|Any CPU
		{3BBA8624-AEA4-4578-93A3-419BD22ED91B}.Debug|Any CPU.ActiveCfg = Debug|Any CPU
		{3BBA8624-AEA4-4578-93A3-419BD22ED91B}.Debug|Any CPU.Build.0 = Debug|Any CPU
		{3BBA8624-AEA4-4578-93A3-419BD22ED91B}.Debug|x64.ActiveCfg = Debug|Any CPU
		{3BBA8624-AEA4-4578-93A3-419BD22ED91B}.Debug|x64.Build.0 = Debug|Any CPU
		{3BBA8624-AEA4-4578-93A3-419BD22ED91B}.Debug|x86.ActiveCfg = Debug|Any CPU
		{3BBA8624-AEA4-4578-93A3-419BD22ED91B}.Debug|x86.Build.0 = Debug|Any CPU
		{3BBA8624-AEA4-4578-93A3-419BD22ED91B}.Release|Any CPU.ActiveCfg = Release|Any CPU
		{3BBA8624-AEA4-4578-93A3-419BD22ED91B}.Release|Any CPU.Build.0 = Release|Any CPU
		{3BBA8624-AEA4-4578-93A3-419BD22ED91B}.Release|x64.ActiveCfg = Release|Any CPU
		{3BBA8624-AEA4-4578-93A3-419BD22ED91B}.Release|x64.Build.0 = Release|Any CPU
		{3BBA8624-AEA4-4578-93A3-419BD22ED91B}.Release|x86.ActiveCfg = Release|Any CPU
		{3BBA8624-AEA4-4578-93A3-419BD22ED91B}.Release|x86.Build.0 = Release|Any CPU
		{86E845CB-7A53-4635-9B8A-D1FB78A414BF}.Debug|Any CPU.ActiveCfg = Debug|Any CPU
		{86E845CB-7A53-4635-9B8A-D1FB78A414BF}.Debug|Any CPU.Build.0 = Debug|Any CPU
		{86E845CB-7A53-4635-9B8A-D1FB78A414BF}.Debug|x64.ActiveCfg = Debug|Any CPU
		{86E845CB-7A53-4635-9B8A-D1FB78A414BF}.Debug|x64.Build.0 = Debug|Any CPU
		{86E845CB-7A53-4635-9B8A-D1FB78A414BF}.Debug|x86.ActiveCfg = Debug|Any CPU
		{86E845CB-7A53-4635-9B8A-D1FB78A414BF}.Debug|x86.Build.0 = Debug|Any CPU
		{86E845CB-7A53-4635-9B8A-D1FB78A414BF}.Release|Any CPU.ActiveCfg = Release|Any CPU
		{86E845CB-7A53-4635-9B8A-D1FB78A414BF}.Release|Any CPU.Build.0 = Release|Any CPU
		{86E845CB-7A53-4635-9B8A-D1FB78A414BF}.Release|x64.ActiveCfg = Release|Any CPU
		{86E845CB-7A53-4635-9B8A-D1FB78A414BF}.Release|x64.Build.0 = Release|Any CPU
		{86E845CB-7A53-4635-9B8A-D1FB78A414BF}.Release|x86.ActiveCfg = Release|Any CPU
		{86E845CB-7A53-4635-9B8A-D1FB78A414BF}.Release|x86.Build.0 = Release|Any CPU
		{019EAB26-C7DA-4FD7-A976-E457FCDDE305}.Debug|Any CPU.ActiveCfg = Debug|Any CPU
		{019EAB26-C7DA-4FD7-A976-E457FCDDE305}.Debug|Any CPU.Build.0 = Debug|Any CPU
		{019EAB26-C7DA-4FD7-A976-E457FCDDE305}.Debug|x64.ActiveCfg = Debug|Any CPU
		{019EAB26-C7DA-4FD7-A976-E457FCDDE305}.Debug|x64.Build.0 = Debug|Any CPU
		{019EAB26-C7DA-4FD7-A976-E457FCDDE305}.Debug|x86.ActiveCfg = Debug|Any CPU
		{019EAB26-C7DA-4FD7-A976-E457FCDDE305}.Debug|x86.Build.0 = Debug|Any CPU
		{019EAB26-C7DA-4FD7-A976-E457FCDDE305}.Release|Any CPU.ActiveCfg = Release|Any CPU
		{019EAB26-C7DA-4FD7-A976-E457FCDDE305}.Release|Any CPU.Build.0 = Release|Any CPU
		{019EAB26-C7DA-4FD7-A976-E457FCDDE305}.Release|x64.ActiveCfg = Release|Any CPU
		{019EAB26-C7DA-4FD7-A976-E457FCDDE305}.Release|x64.Build.0 = Release|Any CPU
		{019EAB26-C7DA-4FD7-A976-E457FCDDE305}.Release|x86.ActiveCfg = Release|Any CPU
		{019EAB26-C7DA-4FD7-A976-E457FCDDE305}.Release|x86.Build.0 = Release|Any CPU
		{7A7F5E42-7F88-4C1A-B1D8-9D8C0BC57A0C}.Debug|Any CPU.ActiveCfg = Debug|x64
		{7A7F5E42-7F88-4C1A-B1D8-9D8C0BC57A0C}.Debug|Any CPU.Build.0 = Debug|x64
		{7A7F5E42-7F88-4C1A-B1D8-9D8C0BC57A0C}.Debug|x64.ActiveCfg = Debug|x64
		{7A7F5E42-7F88-4C1A-B1D8-9D8C0BC57A0C}.Debug|x64.Build.0 = Debug|x64
		{7A7F5E42-7F88-4C1A-B1D8-9D8C0BC57A0C}.Debug|x86.ActiveCfg = Debug|x64
		{7A7F5E42-7F88-4C1A-B1D8-9D8C0BC57A0C}.Release|Any CPU.ActiveCfg = Release|x64
		{7A7F5E42-7F88-4C1A-B1D8-9D8C0BC57A0C}.Release|Any CPU.Build.0 = Release|x64
		{7A7F5E42-7F88-4C1A-B1D8-9D8C0BC57A0C}.Release|x64.ActiveCfg = Release|x64
		{7A7F5E42-7F88-4C1A-B1D8-9D8C0BC57A0C}.Release|x64.Build.0 = Release|x64
		{7A7F5E42-7F88-4C1A-B1D8-9D8C0BC57A0C}.Release|x86.ActiveCfg = Release|x64
		{7A75E79D-D1D8-4CF0-A545-C6945C080FD1}.Debug|Any CPU.ActiveCfg = Debug|Any CPU
		{7A75E79D-D1D8-4CF0-A545-C6945C080FD1}.Debug|Any CPU.Build.0 = Debug|Any CPU
		{7A75E79D-D1D8-4CF0-A545-C6945C080FD1}.Debug|x64.ActiveCfg = Debug|Any CPU
		{7A75E79D-D1D8-4CF0-A545-C6945C080FD1}.Debug|x64.Build.0 = Debug|Any CPU
		{7A75E79D-D1D8-4CF0-A545-C6945C080FD1}.Debug|x86.ActiveCfg = Debug|Any CPU
		{7A75E79D-D1D8-4CF0-A545-C6945C080FD1}.Debug|x86.Build.0 = Debug|Any CPU
		{7A75E79D-D1D8-4CF0-A545-C6945C080FD1}.Release|Any CPU.ActiveCfg = Release|Any CPU
		{7A75E79D-D1D8-4CF0-A545-C6945C080FD1}.Release|Any CPU.Build.0 = Release|Any CPU
		{7A75E79D-D1D8-4CF0-A545-C6945C080FD1}.Release|x64.ActiveCfg = Release|Any CPU
		{7A75E79D-D1D8-4CF0-A545-C6945C080FD1}.Release|x64.Build.0 = Release|Any CPU
		{7A75E79D-D1D8-4CF0-A545-C6945C080FD1}.Release|x86.ActiveCfg = Release|Any CPU
		{7A75E79D-D1D8-4CF0-A545-C6945C080FD1}.Release|x86.Build.0 = Release|Any CPU
		{022ED14C-3AC3-4DDC-8A03-B4C14256FF3A}.Debug|Any CPU.ActiveCfg = Debug|Any CPU
		{022ED14C-3AC3-4DDC-8A03-B4C14256FF3A}.Debug|Any CPU.Build.0 = Debug|Any CPU
		{022ED14C-3AC3-4DDC-8A03-B4C14256FF3A}.Debug|x64.ActiveCfg = Debug|Any CPU
		{022ED14C-3AC3-4DDC-8A03-B4C14256FF3A}.Debug|x64.Build.0 = Debug|Any CPU
		{022ED14C-3AC3-4DDC-8A03-B4C14256FF3A}.Debug|x86.ActiveCfg = Debug|Any CPU
		{022ED14C-3AC3-4DDC-8A03-B4C14256FF3A}.Debug|x86.Build.0 = Debug|Any CPU
		{022ED14C-3AC3-4DDC-8A03-B4C14256FF3A}.Release|Any CPU.ActiveCfg = Release|Any CPU
		{022ED14C-3AC3-4DDC-8A03-B4C14256FF3A}.Release|Any CPU.Build.0 = Release|Any CPU
		{022ED14C-3AC3-4DDC-8A03-B4C14256FF3A}.Release|x64.ActiveCfg = Release|Any CPU
		{022ED14C-3AC3-4DDC-8A03-B4C14256FF3A}.Release|x64.Build.0 = Release|Any CPU
		{022ED14C-3AC3-4DDC-8A03-B4C14256FF3A}.Release|x86.ActiveCfg = Release|Any CPU
		{022ED14C-3AC3-4DDC-8A03-B4C14256FF3A}.Release|x86.Build.0 = Release|Any CPU
		{848D4661-EAEF-48B4-8BC4-426E4DF3C321}.Debug|Any CPU.ActiveCfg = Debug|Any CPU
		{848D4661-EAEF-48B4-8BC4-426E4DF3C321}.Debug|Any CPU.Build.0 = Debug|Any CPU
		{848D4661-EAEF-48B4-8BC4-426E4DF3C321}.Debug|x64.ActiveCfg = Debug|Any CPU
		{848D4661-EAEF-48B4-8BC4-426E4DF3C321}.Debug|x64.Build.0 = Debug|Any CPU
		{848D4661-EAEF-48B4-8BC4-426E4DF3C321}.Debug|x86.ActiveCfg = Debug|Any CPU
		{848D4661-EAEF-48B4-8BC4-426E4DF3C321}.Debug|x86.Build.0 = Debug|Any CPU
		{848D4661-EAEF-48B4-8BC4-426E4DF3C321}.Release|Any CPU.ActiveCfg = Release|Any CPU
		{848D4661-EAEF-48B4-8BC4-426E4DF3C321}.Release|Any CPU.Build.0 = Release|Any CPU
		{848D4661-EAEF-48B4-8BC4-426E4DF3C321}.Release|x64.ActiveCfg = Release|Any CPU
		{848D4661-EAEF-48B4-8BC4-426E4DF3C321}.Release|x64.Build.0 = Release|Any CPU
		{848D4661-EAEF-48B4-8BC4-426E4DF3C321}.Release|x86.ActiveCfg = Release|Any CPU
		{848D4661-EAEF-48B4-8BC4-426E4DF3C321}.Release|x86.Build.0 = Release|Any CPU
		{2185A269-E344-4B97-9A33-57B04C4424F2}.Debug|Any CPU.ActiveCfg = Debug|Any CPU
		{2185A269-E344-4B97-9A33-57B04C4424F2}.Debug|Any CPU.Build.0 = Debug|Any CPU
		{2185A269-E344-4B97-9A33-57B04C4424F2}.Debug|x64.ActiveCfg = Debug|Any CPU
		{2185A269-E344-4B97-9A33-57B04C4424F2}.Debug|x64.Build.0 = Debug|Any CPU
		{2185A269-E344-4B97-9A33-57B04C4424F2}.Debug|x86.ActiveCfg = Debug|Any CPU
		{2185A269-E344-4B97-9A33-57B04C4424F2}.Debug|x86.Build.0 = Debug|Any CPU
		{2185A269-E344-4B97-9A33-57B04C4424F2}.Release|Any CPU.ActiveCfg = Release|Any CPU
		{2185A269-E344-4B97-9A33-57B04C4424F2}.Release|Any CPU.Build.0 = Release|Any CPU
		{2185A269-E344-4B97-9A33-57B04C4424F2}.Release|x64.ActiveCfg = Release|Any CPU
		{2185A269-E344-4B97-9A33-57B04C4424F2}.Release|x64.Build.0 = Release|Any CPU
		{2185A269-E344-4B97-9A33-57B04C4424F2}.Release|x86.ActiveCfg = Release|Any CPU
		{2185A269-E344-4B97-9A33-57B04C4424F2}.Release|x86.Build.0 = Release|Any CPU
		{30BD05C0-DC44-4190-A349-96854C6B66FC}.Debug|Any CPU.ActiveCfg = Debug|Any CPU
		{30BD05C0-DC44-4190-A349-96854C6B66FC}.Debug|Any CPU.Build.0 = Debug|Any CPU
		{30BD05C0-DC44-4190-A349-96854C6B66FC}.Debug|x64.ActiveCfg = Debug|Any CPU
		{30BD05C0-DC44-4190-A349-96854C6B66FC}.Debug|x64.Build.0 = Debug|Any CPU
		{30BD05C0-DC44-4190-A349-96854C6B66FC}.Debug|x86.ActiveCfg = Debug|Any CPU
		{30BD05C0-DC44-4190-A349-96854C6B66FC}.Debug|x86.Build.0 = Debug|Any CPU
		{30BD05C0-DC44-4190-A349-96854C6B66FC}.Release|Any CPU.ActiveCfg = Release|Any CPU
		{30BD05C0-DC44-4190-A349-96854C6B66FC}.Release|Any CPU.Build.0 = Release|Any CPU
		{30BD05C0-DC44-4190-A349-96854C6B66FC}.Release|x64.ActiveCfg = Release|Any CPU
		{30BD05C0-DC44-4190-A349-96854C6B66FC}.Release|x64.Build.0 = Release|Any CPU
		{30BD05C0-DC44-4190-A349-96854C6B66FC}.Release|x86.ActiveCfg = Release|Any CPU
		{30BD05C0-DC44-4190-A349-96854C6B66FC}.Release|x86.Build.0 = Release|Any CPU
		{16045F26-2FA5-4644-8CCF-EA0B7C91BB22}.Debug|Any CPU.ActiveCfg = Debug|Any CPU
		{16045F26-2FA5-4644-8CCF-EA0B7C91BB22}.Debug|Any CPU.Build.0 = Debug|Any CPU
		{16045F26-2FA5-4644-8CCF-EA0B7C91BB22}.Debug|x64.ActiveCfg = Debug|Any CPU
		{16045F26-2FA5-4644-8CCF-EA0B7C91BB22}.Debug|x64.Build.0 = Debug|Any CPU
		{16045F26-2FA5-4644-8CCF-EA0B7C91BB22}.Debug|x86.ActiveCfg = Debug|Any CPU
		{16045F26-2FA5-4644-8CCF-EA0B7C91BB22}.Debug|x86.Build.0 = Debug|Any CPU
		{16045F26-2FA5-4644-8CCF-EA0B7C91BB22}.Release|Any CPU.ActiveCfg = Release|Any CPU
		{16045F26-2FA5-4644-8CCF-EA0B7C91BB22}.Release|Any CPU.Build.0 = Release|Any CPU
		{16045F26-2FA5-4644-8CCF-EA0B7C91BB22}.Release|x64.ActiveCfg = Release|Any CPU
		{16045F26-2FA5-4644-8CCF-EA0B7C91BB22}.Release|x64.Build.0 = Release|Any CPU
		{16045F26-2FA5-4644-8CCF-EA0B7C91BB22}.Release|x86.ActiveCfg = Release|Any CPU
		{16045F26-2FA5-4644-8CCF-EA0B7C91BB22}.Release|x86.Build.0 = Release|Any CPU
		{D48F23EB-6A1D-4EC1-8E16-1297E69C4C95}.Debug|Any CPU.ActiveCfg = Debug|Any CPU
		{D48F23EB-6A1D-4EC1-8E16-1297E69C4C95}.Debug|Any CPU.Build.0 = Debug|Any CPU
		{D48F23EB-6A1D-4EC1-8E16-1297E69C4C95}.Debug|x64.ActiveCfg = Debug|Any CPU
		{D48F23EB-6A1D-4EC1-8E16-1297E69C4C95}.Debug|x64.Build.0 = Debug|Any CPU
		{D48F23EB-6A1D-4EC1-8E16-1297E69C4C95}.Debug|x86.ActiveCfg = Debug|Any CPU
		{D48F23EB-6A1D-4EC1-8E16-1297E69C4C95}.Debug|x86.Build.0 = Debug|Any CPU
		{D48F23EB-6A1D-4EC1-8E16-1297E69C4C95}.Release|Any CPU.ActiveCfg = Release|Any CPU
		{D48F23EB-6A1D-4EC1-8E16-1297E69C4C95}.Release|Any CPU.Build.0 = Release|Any CPU
		{D48F23EB-6A1D-4EC1-8E16-1297E69C4C95}.Release|x64.ActiveCfg = Release|Any CPU
		{D48F23EB-6A1D-4EC1-8E16-1297E69C4C95}.Release|x64.Build.0 = Release|Any CPU
		{D48F23EB-6A1D-4EC1-8E16-1297E69C4C95}.Release|x86.ActiveCfg = Release|Any CPU
		{D48F23EB-6A1D-4EC1-8E16-1297E69C4C95}.Release|x86.Build.0 = Release|Any CPU
		{437B8234-F985-470C-B009-92AD4A8BAD7A}.Debug|Any CPU.ActiveCfg = Debug|Any CPU
		{437B8234-F985-470C-B009-92AD4A8BAD7A}.Debug|Any CPU.Build.0 = Debug|Any CPU
		{437B8234-F985-470C-B009-92AD4A8BAD7A}.Debug|x64.ActiveCfg = Debug|Any CPU
		{437B8234-F985-470C-B009-92AD4A8BAD7A}.Debug|x64.Build.0 = Debug|Any CPU
		{437B8234-F985-470C-B009-92AD4A8BAD7A}.Debug|x86.ActiveCfg = Debug|Any CPU
		{437B8234-F985-470C-B009-92AD4A8BAD7A}.Debug|x86.Build.0 = Debug|Any CPU
		{437B8234-F985-470C-B009-92AD4A8BAD7A}.Release|Any CPU.ActiveCfg = Release|Any CPU
		{437B8234-F985-470C-B009-92AD4A8BAD7A}.Release|Any CPU.Build.0 = Release|Any CPU
		{437B8234-F985-470C-B009-92AD4A8BAD7A}.Release|x64.ActiveCfg = Release|Any CPU
		{437B8234-F985-470C-B009-92AD4A8BAD7A}.Release|x64.Build.0 = Release|Any CPU
		{437B8234-F985-470C-B009-92AD4A8BAD7A}.Release|x86.ActiveCfg = Release|Any CPU
		{437B8234-F985-470C-B009-92AD4A8BAD7A}.Release|x86.Build.0 = Release|Any CPU
		{6E629838-5F5F-48DD-A6D9-DD94C2A557BC}.Debug|Any CPU.ActiveCfg = Debug|Any CPU
		{6E629838-5F5F-48DD-A6D9-DD94C2A557BC}.Debug|Any CPU.Build.0 = Debug|Any CPU
		{6E629838-5F5F-48DD-A6D9-DD94C2A557BC}.Debug|x64.ActiveCfg = Debug|Any CPU
		{6E629838-5F5F-48DD-A6D9-DD94C2A557BC}.Debug|x64.Build.0 = Debug|Any CPU
		{6E629838-5F5F-48DD-A6D9-DD94C2A557BC}.Debug|x86.ActiveCfg = Debug|Any CPU
		{6E629838-5F5F-48DD-A6D9-DD94C2A557BC}.Debug|x86.Build.0 = Debug|Any CPU
		{6E629838-5F5F-48DD-A6D9-DD94C2A557BC}.Release|Any CPU.ActiveCfg = Release|Any CPU
		{6E629838-5F5F-48DD-A6D9-DD94C2A557BC}.Release|Any CPU.Build.0 = Release|Any CPU
		{6E629838-5F5F-48DD-A6D9-DD94C2A557BC}.Release|x64.ActiveCfg = Release|Any CPU
		{6E629838-5F5F-48DD-A6D9-DD94C2A557BC}.Release|x64.Build.0 = Release|Any CPU
		{6E629838-5F5F-48DD-A6D9-DD94C2A557BC}.Release|x86.ActiveCfg = Release|Any CPU
		{6E629838-5F5F-48DD-A6D9-DD94C2A557BC}.Release|x86.Build.0 = Release|Any CPU
		{DCBA2848-27D4-4E64-9028-2358FEB4E404}.Debug|Any CPU.ActiveCfg = Debug|Any CPU
		{DCBA2848-27D4-4E64-9028-2358FEB4E404}.Debug|Any CPU.Build.0 = Debug|Any CPU
		{DCBA2848-27D4-4E64-9028-2358FEB4E404}.Debug|x64.ActiveCfg = Debug|Any CPU
		{DCBA2848-27D4-4E64-9028-2358FEB4E404}.Debug|x64.Build.0 = Debug|Any CPU
		{DCBA2848-27D4-4E64-9028-2358FEB4E404}.Debug|x86.ActiveCfg = Debug|Any CPU
		{DCBA2848-27D4-4E64-9028-2358FEB4E404}.Debug|x86.Build.0 = Debug|Any CPU
		{DCBA2848-27D4-4E64-9028-2358FEB4E404}.Release|Any CPU.ActiveCfg = Release|Any CPU
		{DCBA2848-27D4-4E64-9028-2358FEB4E404}.Release|Any CPU.Build.0 = Release|Any CPU
		{DCBA2848-27D4-4E64-9028-2358FEB4E404}.Release|x64.ActiveCfg = Release|Any CPU
		{DCBA2848-27D4-4E64-9028-2358FEB4E404}.Release|x64.Build.0 = Release|Any CPU
		{DCBA2848-27D4-4E64-9028-2358FEB4E404}.Release|x86.ActiveCfg = Release|Any CPU
		{DCBA2848-27D4-4E64-9028-2358FEB4E404}.Release|x86.Build.0 = Release|Any CPU
		{1CF036E7-A371-4EA1-9BBA-7717240CA893}.Debug|Any CPU.ActiveCfg = Debug|Any CPU
		{1CF036E7-A371-4EA1-9BBA-7717240CA893}.Debug|Any CPU.Build.0 = Debug|Any CPU
		{1CF036E7-A371-4EA1-9BBA-7717240CA893}.Debug|x64.ActiveCfg = Debug|Any CPU
		{1CF036E7-A371-4EA1-9BBA-7717240CA893}.Debug|x64.Build.0 = Debug|Any CPU
		{1CF036E7-A371-4EA1-9BBA-7717240CA893}.Debug|x86.ActiveCfg = Debug|Any CPU
		{1CF036E7-A371-4EA1-9BBA-7717240CA893}.Debug|x86.Build.0 = Debug|Any CPU
		{1CF036E7-A371-4EA1-9BBA-7717240CA893}.Release|Any CPU.ActiveCfg = Release|Any CPU
		{1CF036E7-A371-4EA1-9BBA-7717240CA893}.Release|Any CPU.Build.0 = Release|Any CPU
		{1CF036E7-A371-4EA1-9BBA-7717240CA893}.Release|x64.ActiveCfg = Release|Any CPU
		{1CF036E7-A371-4EA1-9BBA-7717240CA893}.Release|x64.Build.0 = Release|Any CPU
		{1CF036E7-A371-4EA1-9BBA-7717240CA893}.Release|x86.ActiveCfg = Release|Any CPU
		{1CF036E7-A371-4EA1-9BBA-7717240CA893}.Release|x86.Build.0 = Release|Any CPU
		{FCD109F4-2145-4806-A613-C41B829A3985}.Debug|Any CPU.ActiveCfg = Debug|Any CPU
		{FCD109F4-2145-4806-A613-C41B829A3985}.Debug|Any CPU.Build.0 = Debug|Any CPU
		{FCD109F4-2145-4806-A613-C41B829A3985}.Debug|x64.ActiveCfg = Debug|Any CPU
		{FCD109F4-2145-4806-A613-C41B829A3985}.Debug|x64.Build.0 = Debug|Any CPU
		{FCD109F4-2145-4806-A613-C41B829A3985}.Debug|x86.ActiveCfg = Debug|Any CPU
		{FCD109F4-2145-4806-A613-C41B829A3985}.Debug|x86.Build.0 = Debug|Any CPU
		{FCD109F4-2145-4806-A613-C41B829A3985}.Release|Any CPU.ActiveCfg = Release|Any CPU
		{FCD109F4-2145-4806-A613-C41B829A3985}.Release|Any CPU.Build.0 = Release|Any CPU
		{FCD109F4-2145-4806-A613-C41B829A3985}.Release|x64.ActiveCfg = Release|Any CPU
		{FCD109F4-2145-4806-A613-C41B829A3985}.Release|x64.Build.0 = Release|Any CPU
		{FCD109F4-2145-4806-A613-C41B829A3985}.Release|x86.ActiveCfg = Release|Any CPU
		{FCD109F4-2145-4806-A613-C41B829A3985}.Release|x86.Build.0 = Release|Any CPU
	EndGlobalSection
	GlobalSection(SolutionProperties) = preSolution
		HideSolutionNode = FALSE
	EndGlobalSection
	GlobalSection(NestedProjects) = preSolution
		{05D567F7-A43B-4D7D-AFE4-080F1CE7FB76} = {827E0CD3-B72D-47B6-A68D-7590B98EB39B}
		{802B1DA9-D004-4540-B8E3-5B66B8AC010C} = {827E0CD3-B72D-47B6-A68D-7590B98EB39B}
		{2206DDBB-C3F4-4B11-9773-F7227A4AFBE8} = {827E0CD3-B72D-47B6-A68D-7590B98EB39B}
		{3BBA8624-AEA4-4578-93A3-419BD22ED91B} = {827E0CD3-B72D-47B6-A68D-7590B98EB39B}
		{9048EB7F-3875-A59E-E36B-5BD4C6F2A282} = {827E0CD3-B72D-47B6-A68D-7590B98EB39B}
		{86E845CB-7A53-4635-9B8A-D1FB78A414BF} = {9048EB7F-3875-A59E-E36B-5BD4C6F2A282}
		{019EAB26-C7DA-4FD7-A976-E457FCDDE305} = {9048EB7F-3875-A59E-E36B-5BD4C6F2A282}
		{6996BBF7-DB31-59BC-C7DD-9A7CCC6138C4} = {827E0CD3-B72D-47B6-A68D-7590B98EB39B}
		{7A75E79D-D1D8-4CF0-A545-C6945C080FD1} = {6996BBF7-DB31-59BC-C7DD-9A7CCC6138C4}
		{022ED14C-3AC3-4DDC-8A03-B4C14256FF3A} = {6996BBF7-DB31-59BC-C7DD-9A7CCC6138C4}
		{981C2CF6-E5BB-602A-511C-234B538302B0} = {827E0CD3-B72D-47B6-A68D-7590B98EB39B}
		{848D4661-EAEF-48B4-8BC4-426E4DF3C321} = {981C2CF6-E5BB-602A-511C-234B538302B0}
		{2185A269-E344-4B97-9A33-57B04C4424F2} = {981C2CF6-E5BB-602A-511C-234B538302B0}
		{30BD05C0-DC44-4190-A349-96854C6B66FC} = {0AB3BF05-4346-4AA6-1389-037BE0695223}
		{16045F26-2FA5-4644-8CCF-EA0B7C91BB22} = {0AB3BF05-4346-4AA6-1389-037BE0695223}
		{D48F23EB-6A1D-4EC1-8E16-1297E69C4C95} = {0AB3BF05-4346-4AA6-1389-037BE0695223}
		{437B8234-F985-470C-B009-92AD4A8BAD7A} = {0AB3BF05-4346-4AA6-1389-037BE0695223}
		{6E629838-5F5F-48DD-A6D9-DD94C2A557BC} = {0AB3BF05-4346-4AA6-1389-037BE0695223}
		{DCBA2848-27D4-4E64-9028-2358FEB4E404} = {0AB3BF05-4346-4AA6-1389-037BE0695223}
		{1CF036E7-A371-4EA1-9BBA-7717240CA893} = {0AB3BF05-4346-4AA6-1389-037BE0695223}
		{FCD109F4-2145-4806-A613-C41B829A3985} = {9048EB7F-3875-A59E-E36B-5BD4C6F2A282}
		{7A7F5E42-7F88-4C1A-B1D8-9D8C0BC57A0C} = {9048EB7F-3875-A59E-E36B-5BD4C6F2A282}
	EndGlobalSection
EndGlobal
